
Microsoft Visual Studio Solution File, Format Version 12.00
# Visual Studio Version 17
VisualStudioVersion = 17.7.34202.233
MinimumVisualStudioVersion = 10.0.40219.1
Project("{FAE04EC0-301F-11D3-BF4B-00C04F79EFBC}") = "Bookstore67", "Bookstore67\Bookstore67.csproj", "{376FCC74-794F-4367-BF03-136D7E9D7729}"
EndProject
Global
	GlobalSection(SolutionConfigurationPlatforms) = preSolution
		Debug|Any CPU = Debug|Any CPU
		Release|Any CPU = Release|Any CPU
	EndGlobalSection
	GlobalSection(ProjectConfigurationPlatforms) = postSolution
		{376FCC74-794F-4367-BF03-136D7E9D7729}.Debug|Any CPU.ActiveCfg = Debug|Any CPU
		{376FCC74-794F-4367-BF03-136D7E9D7729}.Debug|Any CPU.Build.0 = Debug|Any CPU
		{376FCC74-794F-4367-BF03-136D7E9D7729}.Release|Any CPU.ActiveCfg = Release|Any CPU
		{376FCC74-794F-4367-BF03-136D7E9D7729}.Release|Any CPU.Build.0 = Release|Any CPU
	EndGlobalSection
	GlobalSection(SolutionProperties) = preSolution
		HideSolutionNode = FALSE
	EndGlobalSection
	GlobalSection(ExtensibilityGlobals) = postSolution
		SolutionGuid = {F763C8E6-9E63-43A9-A17C-500FF2C480FB}
	EndGlobalSection
EndGlobal
